
Microsoft Visual Studio Solution File, Format Version 12.00
# Visual Studio Version 17
VisualStudioVersion = 17.3.32804.467
MinimumVisualStudioVersion = 10.0.40219.1
Project("{FAE04EC0-301F-11D3-BF4B-00C04F79EFBC}") = "Monte-Carlo", "Monte-Carlo\Monte-Carlo.csproj", "{7C549076-DDA1-4752-80EA-00A434D6790B}"
EndProject
Global
	GlobalSection(SolutionConfigurationPlatforms) = preSolution
		Debug|Any CPU = Debug|Any CPU
		Release|Any CPU = Release|Any CPU
	EndGlobalSection
	GlobalSection(ProjectConfigurationPlatforms) = postSolution
		{7C549076-DDA1-4752-80EA-00A434D6790B}.Debug|Any CPU.ActiveCfg = Debug|Any CPU
		{7C549076-DDA1-4752-80EA-00A434D6790B}.Debug|Any CPU.Build.0 = Debug|Any CPU
		{7C549076-DDA1-4752-80EA-00A434D6790B}.Release|Any CPU.ActiveCfg = Release|Any CPU
		{7C549076-DDA1-4752-80EA-00A434D6790B}.Release|Any CPU.Build.0 = Release|Any CPU
	EndGlobalSection
	GlobalSection(SolutionProperties) = preSolution
		HideSolutionNode = FALSE
	EndGlobalSection
	GlobalSection(ExtensibilityGlobals) = postSolution
		SolutionGuid = {0AC995E5-2D35-4F59-B9A0-5743E5B5B31E}
	EndGlobalSection
EndGlobal
